[[package]]
name = "fuzzywuzzy"
version = "0.18.0"
description = "Fuzzy string matching in python"
category = "main"
optional = false
python-versions = "*"

[package.extras]
speedup = ["python-levenshtein (>=0.12)"]

[[package]]
name = "levenshtein"
version = "0.20.8"
description = "Python extension for computing string edit distances and similarities."
category = "main"
optional = false
python-versions = ">=3.6"

[package.dependencies]
rapidfuzz = ">=2.3.0,<3.0.0"

[[package]]
name = "pre-commit-hooks"
version = "1.3.1"
description = ""
category = "main"
optional = false
python-versions = "*"
develop = false

[package.dependencies]
fuzzywuzzy = "*"
python-Levenshtein = "*"

[package.source]
type = "git"
url = "https://github.com/Lucas-C/pre-commit-hooks"
reference = "master"
resolved_reference = "e079e43f8c71c749e5baa4814d2bbd1a109327ec"

[[package]]
name = "python-levenshtein"
version = "0.20.8"
description = "Python extension for computing string edit distances and similarities."
category = "main"
optional = false
python-versions = ">=3.6"

[package.dependencies]
Levenshtein = "0.20.8"

[[package]]
name = "rapidfuzz"
version = "2.13.2"
description = "rapid fuzzy string matching"
category = "main"
optional = false
python-versions = ">=3.7"

[package.extras]
full = ["numpy"]

[metadata]
lock-version = "1.1"
python-versions = "^3.9"
content-hash = "6b01bc3be7427eebadd65af888394b958c276c43ceb4cf3dc53c5b917570acc4"

[metadata.files]
fuzzywuzzy = [
    {file = "fuzzywuzzy-0.18.0-py2.py3-none-any.whl", hash = "sha256:928244b28db720d1e0ee7587acf660ea49d7e4c632569cad4f1cd7e68a5f0993"},
    {file = "fuzzywuzzy-0.18.0.tar.gz", hash = "sha256:45016e92264780e58972dca1b3d939ac864b78437422beecebb3095f8efd00e8"},
]
levenshtein = []
pre-commit-hooks = []
python-levenshtein = []
rapidfuzz = []
