# This file is automatically @generated by Poetry 1.4.0 and should not be changed by hand.

[[package]]
name = "pre-commit-hooks"
version = "1.5.1"
description = ""
category = "main"
optional = false
python-versions = "*"
files = []
develop = false

[package.dependencies]
rapidfuzz = "*"

[package.source]
type = "git"
url = "https://github.com/Lucas-C/pre-commit-hooks"
reference = "HEAD"
resolved_reference = "12885e376b93dc4536ad68d156065601e4433665"

[[package]]
name = "rapidfuzz"
version = "2.15.0"
description = "rapid fuzzy string matching"
category = "main"
optional = false
python-versions = ">=3.7"
files = [
    {file = "rapidfuzz-2.15.0-cp310-cp310-macosx_10_9_universal2.whl", hash = "sha256:3a610c7c1711a382b330c0e0910c981dd1cd398b135bc2e29219e685685d7afd"},
    {file = "rapidfuzz-2.15.0-cp310-cp310-macosx_10_9_x86_64.whl", hash = "sha256:e51d41689f551b4d1f678be2b6dd6e1cf87c961b8899bdb96a048491234354dc"},
    {file = "rapidfuzz-2.15.0-cp310-cp310-macosx_11_0_arm64.whl", hash = "sha256:824cf194bb50863f1ff6de6f1aa04693bbb9743981dcdc35a98549c6bf829d01"},
    {file = "rapidfuzz-2.15.0-cp310-cp310-manylinux_2_17_aarch64.manylinux2014_aarch64.whl", hash = "sha256:bb7a110b439ba3ee4986d19234e6ef00b36a5f8e9747896c24498fa23e684514"},
    {file = "rapidfuzz-2.15.0-cp310-cp310-manylinux_2_17_i686.manylinux2014_i686.whl", hash = "sha256:1b8dcf09453b0b0f4dc64efb35148cab8a0fb6c466d34e5cefd96ca6ab7fdb4e"},
    {file = "rapidfuzz-2.15.0-cp310-cp310-manylinux_2_17_ppc64le.manylinux2014_ppc64le.whl", hash = "sha256:2f24708f6906b0883669c9eb4e67d0f65519f03530bae82b2b277ef62ec46ac7"},
    {file = "rapidfuzz-2.15.0-cp310-cp310-manylinux_2_17_s390x.manylinux2014_s390x.whl", hash = "sha256:b9681f9e4d19307666a84f6c0f3706b22d35eeaeeab07ac356b1393b00f97cac"},
    {file = "rapidfuzz-2.15.0-cp310-cp310-manylinux_2_17_x86_64.manylinux2014_x86_64.whl", hash = "sha256:2892b50be613d1458a85106e0c1a21a9e8fd317e24028e8fae61be022870c9cd"},
    {file = "rapidfuzz-2.15.0-cp310-cp310-musllinux_1_1_aarch64.whl", hash = "sha256:1b49947c5f0c7543fdab825e9375edcd407f85250d077e0a404844961d888c9b"},
    {file = "rapidfuzz-2.15.0-cp310-cp310-musllinux_1_1_i686.whl", hash = "sha256:ec5324f6fda41e72f49830cb0b8d124b9431c2e3d4928fb0bd28d461dd6657d4"},
    {file = "rapidfuzz-2.15.0-cp310-cp310-musllinux_1_1_ppc64le.whl", hash = "sha256:e23cec8f517f8dcd3fc7f13d2793616b92b1b2fd36c3759c92758f8166ecd154"},
    {file = "rapidfuzz-2.15.0-cp310-cp310-musllinux_1_1_s390x.whl", hash = "sha256:420f4544bf230835e39786f55542d75108015a27dfd94779440cffb08d3762c8"},
    {file = "rapidfuzz-2.15.0-cp310-cp310-musllinux_1_1_x86_64.whl", hash = "sha256:550515f4a2e7051bbae343851a9ec3adc7edb1656b181b2a8ee571ae7fe8a21e"},
    {file = "rapidfuzz-2.15.0-cp310-cp310-win32.whl", hash = "sha256:632d5473ba52da7fa71573c460d5fef470b3ec6d560348a07f97f2860b16f791"},
    {file = "rapidfuzz-2.15.0-cp310-cp310-win_amd64.whl", hash = "sha256:ae44dc7a350deaf92d313369b46280b787e52b99103437c46002ce29b3ba85eb"},
    {file = "rapidfuzz-2.15.0-cp311-cp311-macosx_10_9_universal2.whl", hash = "sha256:f4107e92744bd1fd83fd38058aee3858893a4ab5b4eab76a758eb13804c38692"},
    {file = "rapidfuzz-2.15.0-cp311-cp311-macosx_10_9_x86_64.whl", hash = "sha256:666bad2454b2fabd14e397fd467edc95e57f6324eb8bfc8c13f962732a4cba4e"},
    {file = "rapidfuzz-2.15.0-cp311-cp311-macosx_11_0_arm64.whl", hash = "sha256:03aa67c2eaf33391317598ea688a6cb522a9823c8d8a8eee9c85dc60b6fcbbc8"},
    {file = "rapidfuzz-2.15.0-cp311-cp311-manylinux_2_17_aarch64.manylinux2014_aarch64.whl", hash = "sha256:f22a9f8d97766e18179ddc3251027ef346177335518826592d6e2862c811a4c7"},
    {file = "rapidfuzz-2.15.0-cp311-cp311-manylinux_2_17_i686.manylinux2014_i686.whl", hash = "sha256:313f3609fe37153d50436884d852aee3a56ac41734c807718d8453bd3c243565"},
    {file = "rapidfuzz-2.15.0-cp311-cp311-manylinux_2_17_ppc64le.manylinux2014_ppc64le.whl", hash = "sha256:2fb5bac25bb5b0d6833f7b740292651759dab870f0487911def46214526f5dc9"},
    {file = "rapidfuzz-2.15.0-cp311-cp311-manylinux_2_17_s390x.manylinux2014_s390x.whl", hash = "sha256:5bc26a506c758bed4bf5b43b90a8c79460e76e28db97330cb6640287468d575d"},
    {file = "rapidfuzz-2.15.0-cp311-cp311-manylinux_2_17_x86_64.manylinux2014_x86_64.whl", hash = "sha256:7c5029ddb65ae980bcb87b9790df226105266f7c794b20cb32793b4865564e01"},
    {file = "rapidfuzz-2.15.0-cp311-cp311-musllinux_1_1_aarch64.whl", hash = "sha256:4f393b18d411b590309693e4106fab09dc692f564e6fea4a744a33754f7b6a37"},
    {file = "rapidfuzz-2.15.0-cp311-cp311-musllinux_1_1_i686.whl", hash = "sha256:8d7e73e36fac74877b8a4700e60c9d699eabd48f7fd37419eb5f8124ed023273"},
    {file = "rapidfuzz-2.15.0-cp311-cp311-musllinux_1_1_ppc64le.whl", hash = "sha256:b3a125e32831a4370096903f0c2cc1314cf2ceae3af4431ac4885e53984201a5"},
    {file = "rapidfuzz-2.15.0-cp311-cp311-musllinux_1_1_s390x.whl", hash = "sha256:c32d41dce29d0d14a393de443a1980001bf341b2dc977fab73cbb46be3beb10f"},
    {file = "rapidfuzz-2.15.0-cp311-cp311-musllinux_1_1_x86_64.whl", hash = "sha256:fb4b8e3a52f2f28944499ab6b95817419e482b48cd11d776034ea4c98ea9e33f"},
    {file = "rapidfuzz-2.15.0-cp311-cp311-win32.whl", hash = "sha256:4cd63b1debe72535d7b72de98c50571859954ffb3e5ffc5b0869feb29c407013"},
    {file = "rapidfuzz-2.15.0-cp311-cp311-win_amd64.whl", hash = "sha256:06b65e724cdca4eda6a639d491339445f140d88a598bc0eb98be80147003dc26"},
    {file = "rapidfuzz-2.15.0-cp37-cp37m-macosx_10_9_x86_64.whl", hash = "sha256:12b1d47eeb04b261f686bf29e4443807f8f953a0918aa5cc3ff1f4d3d48c64a5"},
    {file = "rapidfuzz-2.15.0-cp37-cp37m-manylinux_2_17_aarch64.manylinux2014_aarch64.whl", hash = "sha256:9ad14814b68719f1e31d03751fa0dae5b30012c56a5155959443030134616eb4"},
    {file = "rapidfuzz-2.15.0-cp37-cp37m-manylinux_2_17_i686.manylinux2014_i686.whl", hash = "sha256:2886b2bf740353eace1a942844df2b6bbcfca69717cb4aac033681983e306856"},
    {file = "rapidfuzz-2.15.0-cp37-cp37m-manylinux_2_17_ppc64le.manylinux2014_ppc64le.whl", hash = "sha256:d31c7ba453a811bfdcd802f1a4703a21d7301ccdb91d81d92093eaceafb14a30"},
    {file = "rapidfuzz-2.15.0-cp37-cp37m-manylinux_2_17_s390x.manylinux2014_s390x.whl", hash = "sha256:24113e4afa1a6ca810f969ab996146bdbdcd338b35f115f935ae63d6b8d2aa75"},
    {file = "rapidfuzz-2.15.0-cp37-cp37m-manylinux_2_17_x86_64.manylinux2014_x86_64.whl", hash = "sha256:56d63cc530b49ce0afb1aadf3d11bb0f52220a221e799715f63a8b77dea152cf"},
    {file = "rapidfuzz-2.15.0-cp37-cp37m-musllinux_1_1_aarch64.whl", hash = "sha256:210af56001533ed1d8c7d5d0e57081877ba35a9391fb36d0a606693b0bd15d49"},
    {file = "rapidfuzz-2.15.0-cp37-cp37m-musllinux_1_1_i686.whl", hash = "sha256:9bc3f66189967b1504f617c09b295b6a8ad3a34a63e713c5553068bceb21c351"},
    {file = "rapidfuzz-2.15.0-cp37-cp37m-musllinux_1_1_ppc64le.whl", hash = "sha256:367f70a0c8bb19684c38973fe54888bd9179e991253547c4ee116a17f3d44319"},
    {file = "rapidfuzz-2.15.0-cp37-cp37m-musllinux_1_1_s390x.whl", hash = "sha256:5461e4cb215989c52872a886a1217e08af5de4c565c8bf356ab0f331dcfb8763"},
    {file = "rapidfuzz-2.15.0-cp37-cp37m-musllinux_1_1_x86_64.whl", hash = "sha256:b97bb1b3e32700e6bce2036c9435532a6dc45a5df8af8a7b842038b2eeaf3f9d"},
    {file = "rapidfuzz-2.15.0-cp37-cp37m-win32.whl", hash = "sha256:d9ec6429508ab1f2b752163970f26f4a179746c34c4862d3b3c2410be09d4fea"},
    {file = "rapidfuzz-2.15.0-cp37-cp37m-win_amd64.whl", hash = "sha256:be0b533a3909c1db82e7a3c03e533374c71441dded616b71f222c4edd0058a52"},
    {file = "rapidfuzz-2.15.0-cp38-cp38-macosx_10_9_universal2.whl", hash = "sha256:6c446c31468da2a08ec874baaeada06f3af6cede2b3010a2f0fccc5a95c3997d"},
    {file = "rapidfuzz-2.15.0-cp38-cp38-macosx_10_9_x86_64.whl", hash = "sha256:577620e28f2b407231f293c58b24b1a7861ddd8092b7e6c6ba34b9945b5aa0a5"},
    {file = "rapidfuzz-2.15.0-cp38-cp38-macosx_11_0_arm64.whl", hash = "sha256:43e397ba21f6a53c6982c8ad0aae1ed5375d3e12089a9ede6c63c0fbffdb5354"},
    {file = "rapidfuzz-2.15.0-cp38-cp38-manylinux_2_17_aarch64.manylinux2014_aarch64.whl", hash = "sha256:6efe5d6b97366dc0c0ec575212441ccaebec5c7669a0a91f4dca5e751a6cace8"},
    {file = "rapidfuzz-2.15.0-cp38-cp38-manylinux_2_17_i686.manylinux2014_i686.whl", hash = "sha256:c63637a74e00913c59bad6988cdf247c7ddc07b4f52cb4a3b15f08ebf90c2556"},
    {file = "rapidfuzz-2.15.0-cp38-cp38-manylinux_2_17_ppc64le.manylinux2014_ppc64le.whl", hash = "sha256:5103b0be98271131ea992c62544b788f9afb90bbc716e5799b660dbca7b2959d"},
    {file = "rapidfuzz-2.15.0-cp38-cp38-manylinux_2_17_s390x.manylinux2014_s390x.whl", hash = "sha256:6a98614ad176a7ee719e3f30313f910a79ce17adbeea1f06bd4a1c5c997af762"},
    {file = "rapidfuzz-2.15.0-cp38-cp38-manylinux_2_17_x86_64.manylinux2014_x86_64.whl", hash = "sha256:8fecb07d87739912153b532bc1b5edbe3ecdf32a20e219d9bb02ef411d4c7638"},
    {file = "rapidfuzz-2.15.0-cp38-cp38-musllinux_1_1_aarch64.whl", hash = "sha256:9662c286e493b7dc8e05363c63284889874097d6a594200702dd5703f76ad310"},
    {file = "rapidfuzz-2.15.0-cp38-cp38-musllinux_1_1_i686.whl", hash = "sha256:b7717d489b65199a61e32cc87ad2e0a21b93b11de5f0873c91bcb77bfccda1cd"},
    {file = "rapidfuzz-2.15.0-cp38-cp38-musllinux_1_1_ppc64le.whl", hash = "sha256:d10bb6fbf7e1f4f43a3b5a15e4cae28e52ade397704fa0f4566cf651ac23897e"},
    {file = "rapidfuzz-2.15.0-cp38-cp38-musllinux_1_1_s390x.whl", hash = "sha256:6d0734d368eb6ab131d2644e0119a2d9164be9670de493391694ff647902f4ac"},
    {file = "rapidfuzz-2.15.0-cp38-cp38-musllinux_1_1_x86_64.whl", hash = "sha256:5ef94ed9e3b371f935643cffb967a8090bd7c08e8a4a62523ffbc108bb57b8df"},
    {file = "rapidfuzz-2.15.0-cp38-cp38-win32.whl", hash = "sha256:520865826b038ebf8e099bc7e58e424be14173c8ec72f41944f35c5190761a0c"},
    {file = "rapidfuzz-2.15.0-cp38-cp38-win_amd64.whl", hash = "sha256:bcfcf5ea72fe3bbdc7b7e716a1eca37dd610ab95fb1d8095ec274c9ebe2ebc5a"},
    {file = "rapidfuzz-2.15.0-cp39-cp39-macosx_10_9_universal2.whl", hash = "sha256:e411ed96be9c4dacfbec3b8bd6873b18fa012da11ab544df32b8855b163a3317"},
    {file = "rapidfuzz-2.15.0-cp39-cp39-macosx_10_9_x86_64.whl", hash = "sha256:c2d014e8ca0b7a1e67ca9ee68ab04aa3524134dda33454a33b94404a0f67cfc2"},
    {file = "rapidfuzz-2.15.0-cp39-cp39-macosx_11_0_arm64.whl", hash = "sha256:6580b5e837cd7776b454608caa62e9745be20c2c5f38e3d25aeca1f4ba7f125e"},
    {file = "rapidfuzz-2.15.0-cp39-cp39-manylinux_2_17_aarch64.manylinux2014_aarch64.whl", hash = "sha256:9cdafc456bd327fef05922a73b16ab9ccfdd7108456886456a119517d7c34292"},
    {file = "rapidfuzz-2.15.0-cp39-cp39-manylinux_2_17_i686.manylinux2014_i686.whl", hash = "sha256:2e8ef7ec8f3b9bdcf4b436b2bcd11fff5d1157404bc7bb501f51d7bfc85b7171"},
    {file = "rapidfuzz-2.15.0-cp39-cp39-manylinux_2_17_ppc64le.manylinux2014_ppc64le.whl", hash = "sha256:9790024ef1bde76f62989b59131f17fa6c4bea0f16850aa79774225a079c243f"},
    {file = "rapidfuzz-2.15.0-cp39-cp39-manylinux_2_17_s390x.manylinux2014_s390x.whl", hash = "sha256:00a960016fd801956f619f9c926bf72b8b8010e9b12dee2220357d59d9e4116e"},
    {file = "rapidfuzz-2.15.0-cp39-cp39-manylinux_2_17_x86_64.manylinux2014_x86_64.whl", hash = "sha256:85d9ddb396914fa807179073d9f8c576376bbda34d52d699c5a41327938d4e1f"},
    {file = "rapidfuzz-2.15.0-cp39-cp39-musllinux_1_1_aarch64.whl", hash = "sha256:2a9daf38dd701ce778cf9f5da7c1abc3a2d327d1106bc0d73fe2a33dbfa846f4"},
    {file = "rapidfuzz-2.15.0-cp39-cp39-musllinux_1_1_i686.whl", hash = "sha256:2f6b79bff288d9eb59c6289bd0c92f876e241badfcd205b8087e6140b30a2b36"},
    {file = "rapidfuzz-2.15.0-cp39-cp39-musllinux_1_1_ppc64le.whl", hash = "sha256:b48fb352b5d4436878a9b7062a648fc7fde77948ccd6fba454fe16c4ee367feb"},
    {file = "rapidfuzz-2.15.0-cp39-cp39-musllinux_1_1_s390x.whl", hash = "sha256:830138acb8f57005f37ceec6dc74cd05482c5989c8ca4dba77883dd213039828"},
    {file = "rapidfuzz-2.15.0-cp39-cp39-musllinux_1_1_x86_64.whl", hash = "sha256:50817a5ce7c8e05434d4a40ff23dfb208a91f622af7fb41325a6dfeffcc0b3a8"},
    {file = "rapidfuzz-2.15.0-cp39-cp39-win32.whl", hash = "sha256:a5c6b502600a3e33b536971989e336d1e1ec19c9acbcdc7ea606ea20061134a4"},
    {file = "rapidfuzz-2.15.0-cp39-cp39-win_amd64.whl", hash = "sha256:c5cacf2f1d1b5e79b091717393a50c9b24b703bca9c84d35c942c188ced67910"},
    {file = "rapidfuzz-2.15.0-pp37-pypy37_pp73-macosx_10_9_x86_64.whl", hash = "sha256:76f0248da712ea4abed9e6962873d41cc5fb13777455b4c811b3f9a853fd7e28"},
    {file = "rapidfuzz-2.15.0-pp37-pypy37_pp73-manylinux_2_17_aarch64.manylinux2014_aarch64.whl", hash = "sha256:e1f0cb2352b8e64e1804db4c0d91963161d54ce174b1b5575d15da1faf4aace9"},
    {file = "rapidfuzz-2.15.0-pp37-pypy37_pp73-manylinux_2_17_i686.manylinux2014_i686.whl", hash = "sha256:a4f618620253849bb9542a10d23f4c2fc8ac0e06fb485be14312fd494cf48751"},
    {file = "rapidfuzz-2.15.0-pp37-pypy37_pp73-manylinux_2_17_x86_64.manylinux2014_x86_64.whl", hash = "sha256:6f4fd9e5d7a09a60cb8cd0af2ff4abcbd5d8e9ea17304344a03f06cfbe4909b0"},
    {file = "rapidfuzz-2.15.0-pp37-pypy37_pp73-win_amd64.whl", hash = "sha256:d6ca92a5dfd9c97e8d2652ab56ab041d118e0ddf3009f7ae2cb9de7a19688b5d"},
    {file = "rapidfuzz-2.15.0-pp38-pypy38_pp73-macosx_10_9_x86_64.whl", hash = "sha256:f04ac54dba649d3238295c2ff3a01cb9b5bfeb856d375253fd4f6ae2c0152a39"},
    {file = "rapidfuzz-2.15.0-pp38-pypy38_pp73-manylinux_2_17_aarch64.manylinux2014_aarch64.whl", hash = "sha256:2f01d4c96824721e8292182d3270178021ff3d6065598e74fec5cf4b1e794fb2"},
    {file = "rapidfuzz-2.15.0-pp38-pypy38_pp73-manylinux_2_17_i686.manylinux2014_i686.whl", hash = "sha256:9b6822b7be49785664cb72ce9ae8df67578154f6a8cf69e5be5ce7c25580a157"},
    {file = "rapidfuzz-2.15.0-pp38-pypy38_pp73-manylinux_2_17_x86_64.manylinux2014_x86_64.whl", hash = "sha256:c412ede384f3f305a202de4ef5f5b57394b41e213e77df97a33fd45f5837d854"},
    {file = "rapidfuzz-2.15.0-pp38-pypy38_pp73-win_amd64.whl", hash = "sha256:0f570d61288b35bf2ff94f6d60c364fe3a78fc7ae71e7b149daeb2bc38dad1c7"},
    {file = "rapidfuzz-2.15.0-pp39-pypy39_pp73-macosx_10_9_x86_64.whl", hash = "sha256:62d7fa522c56908cbc9e9ead2a52f19ac818cd525474639ec8ee5eb2adab90df"},
    {file = "rapidfuzz-2.15.0-pp39-pypy39_pp73-manylinux_2_17_aarch64.manylinux2014_aarch64.whl", hash = "sha256:462852ef50dced87e1e83ad92520b993afba4e7a4e6e93dbdfcdda449124df9e"},
    {file = "rapidfuzz-2.15.0-pp39-pypy39_pp73-manylinux_2_17_i686.manylinux2014_i686.whl", hash = "sha256:766846a4df99c473d4426e51934421f767db07fa3a4e4d921bb5258a9f8b9a75"},
    {file = "rapidfuzz-2.15.0-pp39-pypy39_pp73-manylinux_2_17_x86_64.manylinux2014_x86_64.whl", hash = "sha256:5fee1e39cdf8361aed89bdcf9bcdcdd47bd3714f16611fcfca46f408d983a661"},
    {file = "rapidfuzz-2.15.0-pp39-pypy39_pp73-win_amd64.whl", hash = "sha256:684ac35c6480561b4a0067319112907e2405a93cb6a228de8214b6a3e86556fd"},
    {file = "rapidfuzz-2.15.0.tar.gz", hash = "sha256:1c7e439d1428882d297bdd0db5626fc4626cdebe50d3fbbf4ed898f775ca56d5"},
]

[package.extras]
full = ["numpy"]

[metadata]
lock-version = "2.0"
python-versions = "^3.9"
content-hash = "6b01bc3be7427eebadd65af888394b958c276c43ceb4cf3dc53c5b917570acc4"
